
Microsoft Visual Studio Solution File, Format Version 11.00
# Visual Studio 2011
Project("{FAE04EC0-301F-11D3-BF4B-00C04F79EFBC}") = "MyNotes2", "MyNotes2\MyNotes2.csproj", "{A2487CB4-878D-4FDB-A126-385B8B4F381C}"
	ProjectSection(ProjectDependencies) = postProject
		{6D9F1755-D4C5-4B15-9E45-B40B980CBE93} = {6D9F1755-D4C5-4B15-9E45-B40B980CBE93}
		{EB71345D-C0AA-4ECD-B275-29AD5065B336} = {EB71345D-C0AA-4ECD-B275-29AD5065B336}
		{09EB389B-827D-4681-8693-CD0A19B79CC1} = {09EB389B-827D-4681-8693-CD0A19B79CC1}
		{10EAF4B9-BD41-4827-A2AA-34A244D68100} = {10EAF4B9-BD41-4827-A2AA-34A244D68100}
		{DB2ED6BA-5258-44EE-B23C-C8E7405B52C8} = {DB2ED6BA-5258-44EE-B23C-C8E7405B52C8}
	EndProjectSection
EndProject
Project("{FAE04EC0-301F-11D3-BF4B-00C04F79EFBC}") = "NotesManager", "NotesManager\NotesManager.csproj", "{DB2ED6BA-5258-44EE-B23C-C8E7405B52C8}"
	ProjectSection(ProjectDependencies) = postProject
		{EB71345D-C0AA-4ECD-B275-29AD5065B336} = {EB71345D-C0AA-4ECD-B275-29AD5065B336}
		{09EB389B-827D-4681-8693-CD0A19B79CC1} = {09EB389B-827D-4681-8693-CD0A19B79CC1}
		{10EAF4B9-BD41-4827-A2AA-34A244D68100} = {10EAF4B9-BD41-4827-A2AA-34A244D68100}
	EndProjectSection
EndProject
Project("{FAE04EC0-301F-11D3-BF4B-00C04F79EFBC}") = "TaskManager", "TaskManager\TaskManager.csproj", "{6D9F1755-D4C5-4B15-9E45-B40B980CBE93}"
	ProjectSection(ProjectDependencies) = postProject
		{EB71345D-C0AA-4ECD-B275-29AD5065B336} = {EB71345D-C0AA-4ECD-B275-29AD5065B336}
		{09EB389B-827D-4681-8693-CD0A19B79CC1} = {09EB389B-827D-4681-8693-CD0A19B79CC1}
		{10EAF4B9-BD41-4827-A2AA-34A244D68100} = {10EAF4B9-BD41-4827-A2AA-34A244D68100}
	EndProjectSection
EndProject
Project("{FAE04EC0-301F-11D3-BF4B-00C04F79EFBC}") = "MDB_Access", "MDB_Access\MDB_Access.csproj", "{10EAF4B9-BD41-4827-A2AA-34A244D68100}"
	ProjectSection(ProjectDependencies) = postProject
		{EB71345D-C0AA-4ECD-B275-29AD5065B336} = {EB71345D-C0AA-4ECD-B275-29AD5065B336}
	EndProjectSection
EndProject
Project("{FAE04EC0-301F-11D3-BF4B-00C04F79EFBC}") = "DataTypes", "baseObjects\DataTypes.csproj", "{09EB389B-827D-4681-8693-CD0A19B79CC1}"
EndProject
Project("{FAE04EC0-301F-11D3-BF4B-00C04F79EFBC}") = "Logging", "Logging\Logging.csproj", "{EB71345D-C0AA-4ECD-B275-29AD5065B336}"
EndProject
Project("{FAE04EC0-301F-11D3-BF4B-00C04F79EFBC}") = "DailyMgrTest", "DailyMgrTest\DailyMgrTest.csproj", "{4F23FF12-6172-41C6-9387-DB6251FE7F58}"
EndProject
Global
	GlobalSection(SolutionConfigurationPlatforms) = preSolution
		Debug|Any CPU = Debug|Any CPU
		Release|Any CPU = Release|Any CPU
	EndGlobalSection
	GlobalSection(ProjectConfigurationPlatforms) = postSolution
		{A2487CB4-878D-4FDB-A126-385B8B4F381C}.Debug|Any CPU.ActiveCfg = Debug|Any CPU
		{A2487CB4-878D-4FDB-A126-385B8B4F381C}.Debug|Any CPU.Build.0 = Debug|Any CPU
		{A2487CB4-878D-4FDB-A126-385B8B4F381C}.Release|Any CPU.ActiveCfg = Release|Any CPU
		{A2487CB4-878D-4FDB-A126-385B8B4F381C}.Release|Any CPU.Build.0 = Release|Any CPU
		{DB2ED6BA-5258-44EE-B23C-C8E7405B52C8}.Debug|Any CPU.ActiveCfg = Debug|Any CPU
		{DB2ED6BA-5258-44EE-B23C-C8E7405B52C8}.Debug|Any CPU.Build.0 = Debug|Any CPU
		{DB2ED6BA-5258-44EE-B23C-C8E7405B52C8}.Release|Any CPU.ActiveCfg = Release|Any CPU
		{DB2ED6BA-5258-44EE-B23C-C8E7405B52C8}.Release|Any CPU.Build.0 = Release|Any CPU
		{6D9F1755-D4C5-4B15-9E45-B40B980CBE93}.Debug|Any CPU.ActiveCfg = Debug|Any CPU
		{6D9F1755-D4C5-4B15-9E45-B40B980CBE93}.Debug|Any CPU.Build.0 = Debug|Any CPU
		{6D9F1755-D4C5-4B15-9E45-B40B980CBE93}.Release|Any CPU.ActiveCfg = Release|Any CPU
		{6D9F1755-D4C5-4B15-9E45-B40B980CBE93}.Release|Any CPU.Build.0 = Release|Any CPU
		{10EAF4B9-BD41-4827-A2AA-34A244D68100}.Debug|Any CPU.ActiveCfg = Debug|Any CPU
		{10EAF4B9-BD41-4827-A2AA-34A244D68100}.Debug|Any CPU.Build.0 = Debug|Any CPU
		{10EAF4B9-BD41-4827-A2AA-34A244D68100}.Release|Any CPU.ActiveCfg = Release|Any CPU
		{10EAF4B9-BD41-4827-A2AA-34A244D68100}.Release|Any CPU.Build.0 = Release|Any CPU
		{09EB389B-827D-4681-8693-CD0A19B79CC1}.Debug|Any CPU.ActiveCfg = Debug|Any CPU
		{09EB389B-827D-4681-8693-CD0A19B79CC1}.Debug|Any CPU.Build.0 = Debug|Any CPU
		{09EB389B-827D-4681-8693-CD0A19B79CC1}.Release|Any CPU.ActiveCfg = Release|Any CPU
		{09EB389B-827D-4681-8693-CD0A19B79CC1}.Release|Any CPU.Build.0 = Release|Any CPU
		{EB71345D-C0AA-4ECD-B275-29AD5065B336}.Debug|Any CPU.ActiveCfg = Debug|Any CPU
		{EB71345D-C0AA-4ECD-B275-29AD5065B336}.Debug|Any CPU.Build.0 = Debug|Any CPU
		{EB71345D-C0AA-4ECD-B275-29AD5065B336}.Release|Any CPU.ActiveCfg = Release|Any CPU
		{EB71345D-C0AA-4ECD-B275-29AD5065B336}.Release|Any CPU.Build.0 = Release|Any CPU
		{4F23FF12-6172-41C6-9387-DB6251FE7F58}.Debug|Any CPU.ActiveCfg = Debug|Any CPU
		{4F23FF12-6172-41C6-9387-DB6251FE7F58}.Debug|Any CPU.Build.0 = Debug|Any CPU
		{4F23FF12-6172-41C6-9387-DB6251FE7F58}.Release|Any CPU.ActiveCfg = Release|Any CPU
		{4F23FF12-6172-41C6-9387-DB6251FE7F58}.Release|Any CPU.Build.0 = Release|Any CPU
	EndGlobalSection
	GlobalSection(SolutionProperties) = preSolution
		HideSolutionNode = FALSE
	EndGlobalSection
EndGlobal
